
Microsoft Visual Studio Solution File, Format Version 12.00
# Visual Studio Version 16
VisualStudioVersion = 16.0.30611.23
MinimumVisualStudioVersion = 10.0.40219.1
Project("{FAE04EC0-301F-11D3-BF4B-00C04F79EFBC}") = "MyTravelConsumer", "MyTravelConsumer.csproj", "{0DC661BC-9153-45BA-BA20-73A9CF03628A}"
EndProject
Global
	GlobalSection(SolutionConfigurationPlatforms) = preSolution
		Debug|Any CPU = Debug|Any CPU
		Release|Any CPU = Release|Any CPU
	EndGlobalSection
	GlobalSection(ProjectConfigurationPlatforms) = postSolution
		{0DC661BC-9153-45BA-BA20-73A9CF03628A}.Debug|Any CPU.ActiveCfg = Debug|Any CPU
		{0DC661BC-9153-45BA-BA20-73A9CF03628A}.Debug|Any CPU.Build.0 = Debug|Any CPU
		{0DC661BC-9153-45BA-BA20-73A9CF03628A}.Release|Any CPU.ActiveCfg = Release|Any CPU
		{0DC661BC-9153-45BA-BA20-73A9CF03628A}.Release|Any CPU.Build.0 = Release|Any CPU
	EndGlobalSection
	GlobalSection(SolutionProperties) = preSolution
		HideSolutionNode = FALSE
	EndGlobalSection
	GlobalSection(ExtensibilityGlobals) = postSolution
		SolutionGuid = {E47A2B26-A0AB-47D7-89AD-F631E2627E00}
	EndGlobalSection
EndGlobal
