
Microsoft Visual Studio Solution File, Format Version 12.00
# Visual Studio Version 16
VisualStudioVersion = 16.0.30611.23
MinimumVisualStudioVersion = 10.0.40219.1
Project("{FAE04EC0-301F-11D3-BF4B-00C04F79EFBC}") = "TravelProject1", "TravelProject1.csproj", "{8B9829EE-A220-47D0-9B18-D99C1AFC56BB}"
EndProject
Project("{FAE04EC0-301F-11D3-BF4B-00C04F79EFBC}") = "TravelService1", "..\TravelService1\TravelService1.csproj", "{FD863360-A8B6-460F-8DBC-965CB1080342}"
EndProject
Global
	GlobalSection(SolutionConfigurationPlatforms) = preSolution
		Debug|Any CPU = Debug|Any CPU
		Release|Any CPU = Release|Any CPU
	EndGlobalSection
	GlobalSection(ProjectConfigurationPlatforms) = postSolution
		{8B9829EE-A220-47D0-9B18-D99C1AFC56BB}.Debug|Any CPU.ActiveCfg = Debug|Any CPU
		{8B9829EE-A220-47D0-9B18-D99C1AFC56BB}.Debug|Any CPU.Build.0 = Debug|Any CPU
		{8B9829EE-A220-47D0-9B18-D99C1AFC56BB}.Release|Any CPU.ActiveCfg = Release|Any CPU
		{8B9829EE-A220-47D0-9B18-D99C1AFC56BB}.Release|Any CPU.Build.0 = Release|Any CPU
		{FD863360-A8B6-460F-8DBC-965CB1080342}.Debug|Any CPU.ActiveCfg = Debug|Any CPU
		{FD863360-A8B6-460F-8DBC-965CB1080342}.Debug|Any CPU.Build.0 = Debug|Any CPU
		{FD863360-A8B6-460F-8DBC-965CB1080342}.Release|Any CPU.ActiveCfg = Release|Any CPU
		{FD863360-A8B6-460F-8DBC-965CB1080342}.Release|Any CPU.Build.0 = Release|Any CPU
	EndGlobalSection
	GlobalSection(SolutionProperties) = preSolution
		HideSolutionNode = FALSE
	EndGlobalSection
	GlobalSection(ExtensibilityGlobals) = postSolution
		SolutionGuid = {FF873BE9-525F-4BDA-BBFD-76D5D8C1F473}
	EndGlobalSection
EndGlobal
